PODS:
  - DnpTool (1.0.8):
    - DnpTool/Check (= 1.0.8)
    - DnpTool/Common (= 1.0.8)
    - DnpTool/Home (= 1.0.8)
    - DnpTool/Metrics (= 1.0.8)
  - DnpTool/Check (1.0.8):
    - DnpTool/Common
  - DnpTool/Common (1.0.8)
  - DnpTool/Home (1.0.8):
    - DnpTool/Check
    - DnpTool/Common
  - DnpTool/Metrics (1.0.8)

DEPENDENCIES:
  - DnpTool (from `../`)

EXTERNAL SOURCES:
  DnpTool:
    :path: "../"

SPEC CHECKSUMS:
  DnpTool: b761afd532c460c42f1d595032acb7a58e86c827

PODFILE CHECKSUM: 8eefc7a38b3895fa1d9a889811868a206833bb92

COCOAPODS: 1.7.5
