PODS:
  - DnpTool (1.0.3):
    - DnpTool/Check (= 1.0.3)
    - DnpTool/Common (= 1.0.3)
    - DnpTool/Metrics (= 1.0.3)
  - DnpTool/Check (1.0.3):
    - DnpTool/Common
  - DnpTool/Common (1.0.3)
  - DnpTool/Metrics (1.0.3)

DEPENDENCIES:
  - DnpTool (from `../`)

EXTERNAL SOURCES:
  DnpTool:
    :path: "../"

SPEC CHECKSUMS:
  DnpTool: 47c384160f61733cc887dbe1c4f56ff2af154571

PODFILE CHECKSUM: 8eefc7a38b3895fa1d9a889811868a206833bb92

COCOAPODS: 1.7.5
